// !$*UTF8*$!
{
	archiveVersion = 1;
	classes = {
	};
	objectVersion = 50;
	objects = {

/* Begin PBXBuildFile section */
		560BF6B922614260005ADFF4 /* AppDelegate.swift in Sources */ = {isa = PBXBuildFile; fileRef = 560BF6B822614260005ADFF4 /* AppDelegate.swift */; };
		560BF6BB22614260005ADFF4 /* ViewController.swift in Sources */ = {isa = PBXBuildFile; fileRef = 560BF6BA22614260005ADFF4 /* ViewController.swift */; };
		560BF6BE22614260005ADFF4 /* Main.storyboard in Resources */ = {isa = PBXBuildFile; fileRef = 560BF6BC22614260005ADFF4 /* Main.storyboard */; };
		560BF6C022614261005ADFF4 /* Assets.xcassets in Resources */ = {isa = PBXBuildFile; fileRef = 560BF6BF22614261005ADFF4 /* Assets.xcassets */; };
		560BF6C322614261005ADFF4 /* LaunchScreen.storyboard in Resources */ = {isa = PBXBuildFile; fileRef = 560BF6C122614261005ADFF4 /* LaunchScreen.storyboard */; };
		565FDD70227CF34C00E39E93 /* LoginViewController.swift in Sources */ = {isa = PBXBuildFile; fileRef = 565FDD6F227CF34B00E39E93 /* LoginViewController.swift */; };
		565FDD72227CF9FC00E39E93 /* FeedViewController.swift in Sources */ = {isa = PBXBuildFile; fileRef = 565FDD71227CF9FC00E39E93 /* FeedViewController.swift */; };
		5672367B227CEE32004594F8 /* Sara.storyboard in Resources */ = {isa = PBXBuildFile; fileRef = 5672367A227CEE32004594F8 /* Sara.storyboard */; };
		5693F7F22296EB8A0043EC9F /* SignUpViewController.swift in Sources */ = {isa = PBXBuildFile; fileRef = 5693F7F12296EB8A0043EC9F /* SignUpViewController.swift */; };
		5693F7F42296FFDD0043EC9F /* SearchViewController.swift in Sources */ = {isa = PBXBuildFile; fileRef = 5693F7F32296FFDD0043EC9F /* SearchViewController.swift */; };
		5693F7F62296FFFC0043EC9F /* UploadViewController.swift in Sources */ = {isa = PBXBuildFile; fileRef = 5693F7F52296FFFC0043EC9F /* UploadViewController.swift */; };
		5693F7F8229700090043EC9F /* MessagesViewController.swift in Sources */ = {isa = PBXBuildFile; fileRef = 5693F7F7229700090043EC9F /* MessagesViewController.swift */; };
		5693F7FA229700150043EC9F /* ProfileViewController.swift in Sources */ = {isa = PBXBuildFile; fileRef = 5693F7F9229700150043EC9F /* ProfileViewController.swift */; };
		5693F7FC229700220043EC9F /* SettingsViewController.swift in Sources */ = {isa = PBXBuildFile; fileRef = 5693F7FB229700220043EC9F /* SettingsViewController.swift */; };
		56D7546322970EBF0044B7ED /* ArtCell.swift in Sources */ = {isa = PBXBuildFile; fileRef = 56D7546222970EBE0044B7ED /* ArtCell.swift */; };
		56D7546722973AFF0044B7ED /* MoreInfoViewController.swift in Sources */ = {isa = PBXBuildFile; fileRef = 56D7546622973AFF0044B7ED /* MoreInfoViewController.swift */; };
		56D7546922973D2E0044B7ED /* BuyerCell.swift in Sources */ = {isa = PBXBuildFile; fileRef = 56D7546822973D2E0044B7ED /* BuyerCell.swift */; };
		B899FAC384165001FA6AF4A7 /* Pods_Cassiopeia.framework in Frameworks */ = {isa = PBXBuildFile; fileRef = EAD5D47F5F642AC1A1B3AEB2 /* Pods_Cassiopeia.framework */; };
/* End PBXBuildFile section */

/* Begin PBXFileReference section */
		4276DC6BF8069F4D092E48D6 /* Pods-Cassiopeia.release.xcconfig */ = {isa = PBXFileReference; includeInIndex = 1; lastKnownFileType = text.xcconfig; name = "Pods-Cassiopeia.release.xcconfig"; path = "Target Support Files/Pods-Cassiopeia/Pods-Cassiopeia.release.xcconfig"; sourceTree = "<group>"; };
		560BF6B522614260005ADFF4 /* Cassiopeia.app */ = {isa = PBXFileReference; explicitFileType = wrapper.application; includeInIndex = 0; path = Cassiopeia.app; sourceTree = BUILT_PRODUCTS_DIR; };
		560BF6B822614260005ADFF4 /* AppDelegate.swift */ = {isa = PBXFileReference; lastKnownFileType = sourcecode.swift; path = AppDelegate.swift; sourceTree = "<group>"; };
		560BF6BA22614260005ADFF4 /* ViewController.swift */ = {isa = PBXFileReference; lastKnownFileType = sourcecode.swift; path = ViewController.swift; sourceTree = "<group>"; };
		560BF6BD22614260005ADFF4 /* Base */ = {isa = PBXFileReference; lastKnownFileType = file.storyboard; name = Base; path = Base.lproj/Main.storyboard; sourceTree = "<group>"; };
		560BF6BF22614261005ADFF4 /* Assets.xcassets */ = {isa = PBXFileReference; lastKnownFileType = folder.assetcatalog; path = Assets.xcassets; sourceTree = "<group>"; };
		560BF6C222614261005ADFF4 /* Base */ = {isa = PBXFileReference; lastKnownFileType = file.storyboard; name = Base; path = Base.lproj/LaunchScreen.storyboard; sourceTree = "<group>"; };
		560BF6C422614261005ADFF4 /* Info.plist */ = {isa = PBXFileReference; lastKnownFileType = text.plist.xml; path = Info.plist; sourceTree = "<group>"; };
		565FDD6F227CF34B00E39E93 /* LoginViewController.swift */ = {isa = PBXFileReference; lastKnownFileType = sourcecode.swift; path = LoginViewController.swift; sourceTree = "<group>"; };
		565FDD71227CF9FC00E39E93 /* FeedViewController.swift */ = {isa = PBXFileReference; lastKnownFileType = sourcecode.swift; path = FeedViewController.swift; sourceTree = "<group>"; };
		5672367A227CEE32004594F8 /* Sara.storyboard */ = {isa = PBXFileReference; lastKnownFileType = file.storyboard; path = Sara.storyboard; sourceTree = "<group>"; };
		5693F7F12296EB8A0043EC9F /* SignUpViewController.swift */ = {isa = PBXFileReference; lastKnownFileType = sourcecode.swift; path = SignUpViewController.swift; sourceTree = "<group>"; };
		5693F7F32296FFDD0043EC9F /* SearchViewController.swift */ = {isa = PBXFileReference; lastKnownFileType = sourcecode.swift; path = SearchViewController.swift; sourceTree = "<group>"; };
		5693F7F52296FFFC0043EC9F /* UploadViewController.swift */ = {isa = PBXFileReference; lastKnownFileType = sourcecode.swift; path = UploadViewController.swift; sourceTree = "<group>"; };
		5693F7F7229700090043EC9F /* MessagesViewController.swift */ = {isa = PBXFileReference; lastKnownFileType = sourcecode.swift; path = MessagesViewController.swift; sourceTree = "<group>"; };
		5693F7F9229700150043EC9F /* ProfileViewController.swift */ = {isa = PBXFileReference; lastKnownFileType = sourcecode.swift; path = ProfileViewController.swift; sourceTree = "<group>"; };
		5693F7FB229700220043EC9F /* SettingsViewController.swift */ = {isa = PBXFileReference; lastKnownFileType = sourcecode.swift; path = SettingsViewController.swift; sourceTree = "<group>"; };
		56D7546222970EBE0044B7ED /* ArtCell.swift */ = {isa = PBXFileReference; lastKnownFileType = sourcecode.swift; path = ArtCell.swift; sourceTree = "<group>"; };
		56D7546622973AFF0044B7ED /* MoreInfoViewController.swift */ = {isa = PBXFileReference; lastKnownFileType = sourcecode.swift; path = MoreInfoViewController.swift; sourceTree = "<group>"; };
		56D7546822973D2E0044B7ED /* BuyerCell.swift */ = {isa = PBXFileReference; lastKnownFileType = sourcecode.swift; path = BuyerCell.swift; sourceTree = "<group>"; };
		78E0076B0CC9EC251388D40A /* Pods-Cassiopeia.debug.xcconfig */ = {isa = PBXFileReference; includeInIndex = 1; lastKnownFileType = text.xcconfig; name = "Pods-Cassiopeia.debug.xcconfig"; path = "Target Support Files/Pods-Cassiopeia/Pods-Cassiopeia.debug.xcconfig"; sourceTree = "<group>"; };
		EAD5D47F5F642AC1A1B3AEB2 /* Pods_Cassiopeia.framework */ = {isa = PBXFileReference; explicitFileType = wrapper.framework; includeInIndex = 0; path = Pods_Cassiopeia.framework; sourceTree = BUILT_PRODUCTS_DIR; };
/* End PBXFileReference section */

/* Begin PBXFrameworksBuildPhase section */
		560BF6B222614260005ADFF4 /* Frameworks */ = {
			isa = PBXFrameworksBuildPhase;
			buildActionMask = 2147483647;
			files = (
				B899FAC384165001FA6AF4A7 /* Pods_Cassiopeia.framework in Frameworks */,
			);
			runOnlyForDeploymentPostprocessing = 0;
		};
/* End PBXFrameworksBuildPhase section */

/* Begin PBXGroup section */
		560BF6AC22614260005ADFF4 = {
			isa = PBXGroup;
			children = (
				560BF6B722614260005ADFF4 /* Cassiopeia */,
				560BF6B622614260005ADFF4 /* Products */,
				83EBC47CB47572B06F7B3DFC /* Pods */,
				81B5B7818CE8DD8CBD61F1D2 /* Frameworks */,
			);
			sourceTree = "<group>";
		};
		560BF6B622614260005ADFF4 /* Products */ = {
			isa = PBXGroup;
			children = (
				560BF6B522614260005ADFF4 /* Cassiopeia.app */,
			);
			name = Products;
			sourceTree = "<group>";
		};
		560BF6B722614260005ADFF4 /* Cassiopeia */ = {
			isa = PBXGroup;
			children = (
				560BF6B822614260005ADFF4 /* AppDelegate.swift */,
				560BF6BA22614260005ADFF4 /* ViewController.swift */,
				560BF6BC22614260005ADFF4 /* Main.storyboard */,
				5672367A227CEE32004594F8 /* Sara.storyboard */,
				56D7546222970EBE0044B7ED /* ArtCell.swift */,
				56D7546822973D2E0044B7ED /* BuyerCell.swift */,
				565FDD6F227CF34B00E39E93 /* LoginViewController.swift */,
				5693F7F12296EB8A0043EC9F /* SignUpViewController.swift */,
				565FDD71227CF9FC00E39E93 /* FeedViewController.swift */,
				56D7546622973AFF0044B7ED /* MoreInfoViewController.swift */,
				5693F7F32296FFDD0043EC9F /* SearchViewController.swift */,
				5693F7F52296FFFC0043EC9F /* UploadViewController.swift */,
				5693F7F7229700090043EC9F /* MessagesViewController.swift */,
				5693F7F9229700150043EC9F /* ProfileViewController.swift */,
				5693F7FB229700220043EC9F /* SettingsViewController.swift */,
				560BF6BF22614261005ADFF4 /* Assets.xcassets */,
				560BF6C122614261005ADFF4 /* LaunchScreen.storyboard */,
				560BF6C422614261005ADFF4 /* Info.plist */,
			);
			path = Cassiopeia;
			sourceTree = "<group>";
		};
		81B5B7818CE8DD8CBD61F1D2 /* Frameworks */ = {
			isa = PBXGroup;
			children = (
				EAD5D47F5F642AC1A1B3AEB2 /* Pods_Cassiopeia.framework */,
			);
			name = Frameworks;
			sourceTree = "<group>";
		};
		83EBC47CB47572B06F7B3DFC /* Pods */ = {
			isa = PBXGroup;
			children = (
				78E0076B0CC9EC251388D40A /* Pods-Cassiopeia.debug.xcconfig */,
				4276DC6BF8069F4D092E48D6 /* Pods-Cassiopeia.release.xcconfig */,
			);
			path = Pods;
			sourceTree = "<group>";
		};
/* End PBXGroup section */

/* Begin PBXNativeTarget section */
		560BF6B422614260005ADFF4 /* Cassiopeia */ = {
			isa = PBXNativeTarget;
			buildConfigurationList = 560BF6C722614261005ADFF4 /* Build configuration list for PBXNativeTarget "Cassiopeia" */;
			buildPhases = (
				1ADE27488F086386B0632F09 /* [CP] Check Pods Manifest.lock */,
				560BF6B122614260005ADFF4 /* Sources */,
				560BF6B222614260005ADFF4 /* Frameworks */,
				560BF6B322614260005ADFF4 /* Resources */,
				30CBB5E9ACCFCA3E391FA2B4 /* [CP] Embed Pods Frameworks */,
			);
			buildRules = (
			);
			dependencies = (
			);
			name = Cassiopeia;
			productName = Cassiopeia;
			productReference = 560BF6B522614260005ADFF4 /* Cassiopeia.app */;
			productType = "com.apple.product-type.application";
		};
/* End PBXNativeTarget section */

/* Begin PBXProject section */
		560BF6AD22614260005ADFF4 /* Project object */ = {
			isa = PBXProject;
			attributes = {
				LastSwiftUpdateCheck = 1010;
				LastUpgradeCheck = 1010;
				ORGANIZATIONNAME = Cassiopeia;
				TargetAttributes = {
					560BF6B422614260005ADFF4 = {
						CreatedOnToolsVersion = 10.1;
					};
				};
			};
			buildConfigurationList = 560BF6B022614260005ADFF4 /* Build configuration list for PBXProject "Cassiopeia" */;
			compatibilityVersion = "Xcode 9.3";
			developmentRegion = en;
			hasScannedForEncodings = 0;
			knownRegions = (
				en,
				Base,
			);
			mainGroup = 560BF6AC22614260005ADFF4;
			productRefGroup = 560BF6B622614260005ADFF4 /* Products */;
			projectDirPath = "";
			projectRoot = "";
			targets = (
				560BF6B422614260005ADFF4 /* Cassiopeia */,
			);
		};
/* End PBXProject section */

/* Begin PBXResourcesBuildPhase section */
		560BF6B322614260005ADFF4 /* Resources */ = {
			isa = PBXResourcesBuildPhase;
			buildActionMask = 2147483647;
			files = (
				560BF6C322614261005ADFF4 /* LaunchScreen.storyboard in Resources */,
				5672367B227CEE32004594F8 /* Sara.storyboard in Resources */,
				560BF6C022614261005ADFF4 /* Assets.xcassets in Resources */,
				560BF6BE22614260005ADFF4 /* Main.storyboard in Resources */,
			);
			runOnlyForDeploymentPostprocessing = 0;
		};
/* End PBXResourcesBuildPhase section */

/* Begin PBXShellScriptBuildPhase section */
		1ADE27488F086386B0632F09 /* [CP] Check Pods Manifest.lock */ = {
			isa = PBXShellScriptBuildPhase;
			buildActionMask = 2147483647;
			files = (
			);
			inputFileListPaths = (
			);
			inputPaths = (
				"${PODS_PODFILE_DIR_PATH}/Podfile.lock",
				"${PODS_ROOT}/Manifest.lock",
			);
			name = "[CP] Check Pods Manifest.lock";
			outputFileListPaths = (
			);
			outputPaths = (
				"$(DERIVED_FILE_DIR)/Pods-Cassiopeia-checkManifestLockResult.txt",
			);
			runOnlyForDeploymentPostprocessing = 0;
			shellPath = /bin/sh;
			shellScript = "diff \"${PODS_PODFILE_DIR_PATH}/Podfile.lock\" \"${PODS_ROOT}/Manifest.lock\" > /dev/null\nif [ $? != 0 ] ; then\n    # print error to STDERR\n    echo \"error: The sandbox is not in sync with the Podfile.lock. Run 'pod install' or update your CocoaPods installation.\" >&2\n    exit 1\nfi\n# This output is used by Xcode 'outputs' to avoid re-running this script phase.\necho \"SUCCESS\" > \"${SCRIPT_OUTPUT_FILE_0}\"\n";
			showEnvVarsInLog = 0;
		};
		30CBB5E9ACCFCA3E391FA2B4 /* [CP] Embed Pods Frameworks */ = {
			isa = PBXShellScriptBuildPhase;
			buildActionMask = 2147483647;
			files = (
			);
			inputFileListPaths = (
			);
			inputPaths = (
				"${PODS_ROOT}/Target Support Files/Pods-Cassiopeia/Pods-Cassiopeia-frameworks.sh",
				"${BUILT_PRODUCTS_DIR}/Alamofire/Alamofire.framework",
				"${BUILT_PRODUCTS_DIR}/AlamofireImage/AlamofireImage.framework",
				"${BUILT_PRODUCTS_DIR}/Bolts/Bolts.framework",
				"${BUILT_PRODUCTS_DIR}/Parse/Parse.framework",
			);
			name = "[CP] Embed Pods Frameworks";
			outputFileListPaths = (
			);
			outputPaths = (
				"${TARGET_BUILD_DIR}/${FRAMEWORKS_FOLDER_PATH}/Alamofire.framework",
				"${TARGET_BUILD_DIR}/${FRAMEWORKS_FOLDER_PATH}/AlamofireImage.framework",
				"${TARGET_BUILD_DIR}/${FRAMEWORKS_FOLDER_PATH}/Bolts.framework",
				"${TARGET_BUILD_DIR}/${FRAMEWORKS_FOLDER_PATH}/Parse.framework",
			);
			runOnlyForDeploymentPostprocessing = 0;
			shellPath = /bin/sh;
			shellScript = "\"${PODS_ROOT}/Target Support Files/Pods-Cassiopeia/Pods-Cassiopeia-frameworks.sh\"\n";
			showEnvVarsInLog = 0;
		};
/* End PBXShellScriptBuildPhase section */

/* Begin PBXSourcesBuildPhase section */
		560BF6B122614260005ADFF4 /* Sources */ = {
			isa = PBXSourcesBuildPhase;
			buildActionMask = 2147483647;
			files = (
				5693F7F42296FFDD0043EC9F /* SearchViewController.swift in Sources */,
				56D7546322970EBF0044B7ED /* ArtCell.swift in Sources */,
				5693F7F62296FFFC0043EC9F /* UploadViewController.swift in Sources */,
				565FDD70227CF34C00E39E93 /* LoginViewController.swift in Sources */,
				5693F7FC229700220043EC9F /* SettingsViewController.swift in Sources */,
				560BF6BB22614260005ADFF4 /* ViewController.swift in Sources */,
				565FDD72227CF9FC00E39E93 /* FeedViewController.swift in Sources */,
				560BF6B922614260005ADFF4 /* AppDelegate.swift in Sources */,
				5693F7FA229700150043EC9F /* ProfileViewController.swift in Sources */,
				56D7546922973D2E0044B7ED /* BuyerCell.swift in Sources */,
				56D7546722973AFF0044B7ED /* MoreInfoViewController.swift in Sources */,
				5693F7F8229700090043EC9F /* MessagesViewController.swift in Sources */,
				5693F7F22296EB8A0043EC9F /* SignUpViewController.swift in Sources */,
			);
			runOnlyForDeploymentPostprocessing = 0;
		};
/* End PBXSourcesBuildPhase section */

/* Begin PBXVariantGroup section */
		560BF6BC22614260005ADFF4 /* Main.storyboard */ = {
			isa = PBXVariantGroup;
			children = (
				560BF6BD22614260005ADFF4 /* Base */,
			);
			name = Main.storyboard;
			sourceTree = "<group>";
		};
		560BF6C122614261005ADFF4 /* LaunchScreen.storyboard */ = {
			isa = PBXVariantGroup;
			children = (
				560BF6C222614261005ADFF4 /* Base */,
			);
			name = LaunchScreen.storyboard;
			sourceTree = "<group>";
		};
/* End PBXVariantGroup section */

/* Begin XCBuildConfiguration section */
		560BF6C522614261005ADFF4 /* Debug */ = {
			isa = XCBuildConfiguration;
			buildSettings = {
				ALWAYS_SEARCH_USER_PATHS = NO;
				CLANG_ANALYZER_NONNULL = YES;
				CLANG_ANALYZER_NUMBER_OBJECT_CONVERSION = YES_AGGRESSIVE;
				CLANG_CXX_LANGUAGE_STANDARD = "gnu++14";
				CLANG_CXX_LIBRARY = "libc++";
				CLANG_ENABLE_MODULES = YES;
				CLANG_ENABLE_OBJC_ARC = YES;
				CLANG_ENABLE_OBJC_WEAK = YES;
				CLANG_WARN_BLOCK_CAPTURE_AUTORELEASING = YES;
				CLANG_WARN_BOOL_CONVERSION = YES;
				CLANG_WARN_COMMA = YES;
				CLANG_WARN_CONSTANT_CONVERSION = YES;
				CLANG_WARN_DEPRECATED_OBJC_IMPLEMENTATIONS = YES;
				CLANG_WARN_DIRECT_OBJC_ISA_USAGE = YES_ERROR;
				CLANG_WARN_DOCUMENTATION_COMMENTS = YES;
				CLANG_WARN_EMPTY_BODY = YES;
				CLANG_WARN_ENUM_CONVERSION = YES;
				CLANG_WARN_INFINITE_RECURSION = YES;
				CLANG_WARN_INT_CONVERSION = YES;
				CLANG_WARN_NON_LITERAL_NULL_CONVERSION = YES;
				CLANG_WARN_OBJC_IMPLICIT_RETAIN_SELF = YES;
				CLANG_WARN_OBJC_LITERAL_CONVERSION = YES;
				CLANG_WARN_OBJC_ROOT_CLASS = YES_ERROR;
				CLANG_WARN_RANGE_LOOP_ANALYSIS = YES;
				CLANG_WARN_STRICT_PROTOTYPES = YES;
				CLANG_WARN_SUSPICIOUS_MOVE = YES;
				CLANG_WARN_UNGUARDED_AVAILABILITY = YES_AGGRESSIVE;
				CLANG_WARN_UNREACHABLE_CODE = YES;
				CLANG_WARN__DUPLICATE_METHOD_MATCH = YES;
				CODE_SIGN_IDENTITY = "iPhone Developer";
				COPY_PHASE_STRIP = NO;
				DEBUG_INFORMATION_FORMAT = dwarf;
				ENABLE_STRICT_OBJC_MSGSEND = YES;
				ENABLE_TESTABILITY = YES;
				GCC_C_LANGUAGE_STANDARD = gnu11;
				GCC_DYNAMIC_NO_PIC = NO;
				GCC_NO_COMMON_BLOCKS = YES;
				GCC_OPTIMIZATION_LEVEL = 0;
				GCC_PREPROCESSOR_DEFINITIONS = (
					"DEBUG=1",
					"$(inherited)",
				);
				GCC_WARN_64_TO_32_BIT_CONVERSION = YES;
				GCC_WARN_ABOUT_RETURN_TYPE = YES_ERROR;
				GCC_WARN_UNDECLARED_SELECTOR = YES;
				GCC_WARN_UNINITIALIZED_AUTOS = YES_AGGRESSIVE;
				GCC_WARN_UNUSED_FUNCTION = YES;
				GCC_WARN_UNUSED_VARIABLE = YES;
				IPHONEOS_DEPLOYMENT_TARGET = 12.1;
				MTL_ENABLE_DEBUG_INFO = INCLUDE_SOURCE;
				MTL_FAST_MATH = YES;
				ONLY_ACTIVE_ARCH = YES;
				SDKROOT = iphoneos;
				SWIFT_ACTIVE_COMPILATION_CONDITIONS = DEBUG;
				SWIFT_OPTIMIZATION_LEVEL = "-Onone";
			};
			name = Debug;
		};
		560BF6C622614261005ADFF4 /* Release */ = {
			isa = XCBuildConfiguration;
			buildSettings = {
				ALWAYS_SEARCH_USER_PATHS = NO;
				CLANG_ANALYZER_NONNULL = YES;
				CLANG_ANALYZER_NUMBER_OBJECT_CONVERSION = YES_AGGRESSIVE;
				CLANG_CXX_LANGUAGE_STANDARD = "gnu++14";
				CLANG_CXX_LIBRARY = "libc++";
				CLANG_ENABLE_MODULES = YES;
				CLANG_ENABLE_OBJC_ARC = YES;
				CLANG_ENABLE_OBJC_WEAK = YES;
				CLANG_WARN_BLOCK_CAPTURE_AUTORELEASING = YES;
				CLANG_WARN_BOOL_CONVERSION = YES;
				CLANG_WARN_COMMA = YES;
				CLANG_WARN_CONSTANT_CONVERSION = YES;
				CLANG_WARN_DEPRECATED_OBJC_IMPLEMENTATIONS = YES;
				CLANG_WARN_DIRECT_OBJC_ISA_USAGE = YES_ERROR;
				CLANG_WARN_DOCUMENTATION_COMMENTS = YES;
				CLANG_WARN_EMPTY_BODY = YES;
				CLANG_WARN_ENUM_CONVERSION = YES;
				CLANG_WARN_INFINITE_RECURSION = YES;
				CLANG_WARN_INT_CONVERSION = YES;
				CLANG_WARN_NON_LITERAL_NULL_CONVERSION = YES;
				CLANG_WARN_OBJC_IMPLICIT_RETAIN_SELF = YES;
				CLANG_WARN_OBJC_LITERAL_CONVERSION = YES;
				CLANG_WARN_OBJC_ROOT_CLASS = YES_ERROR;
				CLANG_WARN_RANGE_LOOP_ANALYSIS = YES;
				CLANG_WARN_STRICT_PROTOTYPES = YES;
				CLANG_WARN_SUSPICIOUS_MOVE = YES;
				CLANG_WARN_UNGUARDED_AVAILABILITY = YES_AGGRESSIVE;
				CLANG_WARN_UNREACHABLE_CODE = YES;
				CLANG_WARN__DUPLICATE_METHOD_MATCH = YES;
				CODE_SIGN_IDENTITY = "iPhone Developer";
				COPY_PHASE_STRIP = NO;
				DEBUG_INFORMATION_FORMAT = "dwarf-with-dsym";
				ENABLE_NS_ASSERTIONS = NO;
				ENABLE_STRICT_OBJC_MSGSEND = YES;
				GCC_C_LANGUAGE_STANDARD = gnu11;
				GCC_NO_COMMON_BLOCKS = YES;
				GCC_WARN_64_TO_32_BIT_CONVERSION = YES;
				GCC_WARN_ABOUT_RETURN_TYPE = YES_ERROR;
				GCC_WARN_UNDECLARED_SELECTOR = YES;
				GCC_WARN_UNINITIALIZED_AUTOS = YES_AGGRESSIVE;
				GCC_WARN_UNUSED_FUNCTION = YES;
				GCC_WARN_UNUSED_VARIABLE = YES;
				IPHONEOS_DEPLOYMENT_TARGET = 12.1;
				MTL_ENABLE_DEBUG_INFO = NO;
				MTL_FAST_MATH = YES;
				SDKROOT = iphoneos;
				SWIFT_COMPILATION_MODE = wholemodule;
				SWIFT_OPTIMIZATION_LEVEL = "-O";
				VALIDATE_PRODUCT = YES;
			};
			name = Release;
		};
		560BF6C822614261005ADFF4 /* Debug */ = {
			isa = XCBuildConfiguration;
			baseConfigurationReference = 78E0076B0CC9EC251388D40A /* Pods-Cassiopeia.debug.xcconfig */;
			buildSettings = {
				ASSETCATALOG_COMPILER_APPICON_NAME = AppIcon;
				CODE_SIGN_STYLE = Automatic;
				DEVELOPMENT_TEAM = SUD26V2748;
				INFOPLIST_FILE = Cassiopeia/Info.plist;
				LD_RUNPATH_SEARCH_PATHS = (
					"$(inherited)",
					"@executable_path/Frameworks",
				);
				PRODUCT_BUNDLE_IDENTIFIER = com.cassiopeia.Cassiopeia;
				PRODUCT_NAME = "$(TARGET_NAME)";
				SWIFT_VERSION = 4.2;
				TARGETED_DEVICE_FAMILY = "1,2";
			};
			name = Debug;
		};
		560BF6C922614261005ADFF4 /* Release */ = {
			isa = XCBuildConfiguration;
			baseConfigurationReference = 4276DC6BF8069F4D092E48D6 /* Pods-Cassiopeia.release.xcconfig */;
			buildSettings = {
				ASSETCATALOG_COMPILER_APPICON_NAME = AppIcon;
				CODE_SIGN_STYLE = Automatic;
				DEVELOPMENT_TEAM = SUD26V2748;
				INFOPLIST_FILE = Cassiopeia/Info.plist;
				LD_RUNPATH_SEARCH_PATHS = (
					"$(inherited)",
					"@executable_path/Frameworks",
				);
				PRODUCT_BUNDLE_IDENTIFIER = com.cassiopeia.Cassiopeia;
				PRODUCT_NAME = "$(TARGET_NAME)";
				SWIFT_VERSION = 4.2;
				TARGETED_DEVICE_FAMILY = "1,2";
			};
			name = Release;
		};
/* End XCBuildConfiguration section */

/* Begin XCConfigurationList section */
		560BF6B022614260005ADFF4 /* Build configuration list for PBXProject "Cassiopeia" */ = {
			isa = XCConfigurationList;
			buildConfigurations = (
				560BF6C522614261005ADFF4 /* Debug */,
				560BF6C622614261005ADFF4 /* Release */,
			);
			defaultConfigurationIsVisible = 0;
			defaultConfigurationName = Release;
		};
		560BF6C722614261005ADFF4 /* Build configuration list for PBXNativeTarget "Cassiopeia" */ = {
			isa = XCConfigurationList;
			buildConfigurations = (
				560BF6C822614261005ADFF4 /* Debug */,
				560BF6C922614261005ADFF4 /* Release */,
			);
			defaultConfigurationIsVisible = 0;
			defaultConfigurationName = Release;
		};
/* End XCConfigurationList section */
	};
	rootObject = 560BF6AD22614260005ADFF4 /* Project object */;
}
